
Microsoft Visual Studio Solution File, Format Version 12.00
# Visual Studio Version 17
VisualStudioVersion = 17.13.35931.197 d17.13
MinimumVisualStudioVersion = 10.0.40219.1
Project("{FAE04EC0-301F-11D3-BF4B-00C04F79EFBC}") = "TeslaMonitor", "TeslaMonitor.csproj", "{A03F1F62-A342-4019-8139-976989B06697}"
EndProject
Global
	GlobalSection(SolutionConfigurationPlatforms) = preSolution
		Debug|Any CPU = Debug|Any CPU
		Release|Any CPU = Release|Any CPU
	EndGlobalSection
	GlobalSection(ProjectConfigurationPlatforms) = postSolution
		{A03F1F62-A342-4019-8139-976989B06697}.Debug|Any CPU.ActiveCfg = Debug|Any CPU
		{A03F1F62-A342-4019-8139-976989B06697}.Debug|Any CPU.Build.0 = Debug|Any CPU
		{A03F1F62-A342-4019-8139-976989B06697}.Release|Any CPU.ActiveCfg = Release|Any CPU
		{A03F1F62-A342-4019-8139-976989B06697}.Release|Any CPU.Build.0 = Release|Any CPU
	EndGlobalSection
	GlobalSection(SolutionProperties) = preSolution
		HideSolutionNode = FALSE
	EndGlobalSection
	GlobalSection(ExtensibilityGlobals) = postSolution
		SolutionGuid = {D2CE832C-51E9-43C1-9873-6F3403EB817E}
	EndGlobalSection
EndGlobal
