
Microsoft Visual Studio Solution File, Format Version 12.00
# Visual Studio Version 17
VisualStudioVersion = 17.13.35931.197
MinimumVisualStudioVersion = 10.0.40219.1
Project("{FAE04EC0-301F-11D3-BF4B-00C04F79EFBC}") = "TeslaMonitor", "TeslaMonitor\TeslaMonitor.csproj", "{A03F1F62-A342-4019-8139-976989B06697}"
EndProject
Project("{FAE04EC0-301F-11D3-BF4B-00C04F79EFBC}") = "TeslaMonitor.Test", "TeslaMonitor.Test\TeslaMonitor.Test.csproj", "{01D01ECB-EEBD-4C5A-A44B-AA308899746A}"
EndProject
Project("{FAE04EC0-301F-11D3-BF4B-00C04F79EFBC}") = "TeslaMonitor.Library", "TeslaMonitor.Library\TeslaMonitor.Library.csproj", "{F5E2E4BD-EA94-4AD1-B0EB-E23C4F81F19C}"
EndProject
Global
	GlobalSection(SolutionConfigurationPlatforms) = preSolution
		Debug|Any CPU = Debug|Any CPU
		Release|Any CPU = Release|Any CPU
	EndGlobalSection
	GlobalSection(ProjectConfigurationPlatforms) = postSolution
		{A03F1F62-A342-4019-8139-976989B06697}.Debug|Any CPU.ActiveCfg = Debug|Any CPU
		{A03F1F62-A342-4019-8139-976989B06697}.Debug|Any CPU.Build.0 = Debug|Any CPU
		{A03F1F62-A342-4019-8139-976989B06697}.Release|Any CPU.ActiveCfg = Release|Any CPU
		{A03F1F62-A342-4019-8139-976989B06697}.Release|Any CPU.Build.0 = Release|Any CPU
		{01D01ECB-EEBD-4C5A-A44B-AA308899746A}.Debug|Any CPU.ActiveCfg = Debug|Any CPU
		{01D01ECB-EEBD-4C5A-A44B-AA308899746A}.Debug|Any CPU.Build.0 = Debug|Any CPU
		{01D01ECB-EEBD-4C5A-A44B-AA308899746A}.Release|Any CPU.ActiveCfg = Release|Any CPU
		{01D01ECB-EEBD-4C5A-A44B-AA308899746A}.Release|Any CPU.Build.0 = Release|Any CPU
		{F5E2E4BD-EA94-4AD1-B0EB-E23C4F81F19C}.Debug|Any CPU.ActiveCfg = Debug|Any CPU
		{F5E2E4BD-EA94-4AD1-B0EB-E23C4F81F19C}.Debug|Any CPU.Build.0 = Debug|Any CPU
		{F5E2E4BD-EA94-4AD1-B0EB-E23C4F81F19C}.Release|Any CPU.ActiveCfg = Release|Any CPU
		{F5E2E4BD-EA94-4AD1-B0EB-E23C4F81F19C}.Release|Any CPU.Build.0 = Release|Any CPU
	EndGlobalSection
	GlobalSection(SolutionProperties) = preSolution
		HideSolutionNode = FALSE
	EndGlobalSection
	GlobalSection(ExtensibilityGlobals) = postSolution
		SolutionGuid = {D2CE832C-51E9-43C1-9873-6F3403EB817E}
	EndGlobalSection
EndGlobal
